// !$*UTF8*$!
{
	archiveVersion = 1;
	classes = {
	};
	objectVersion = 50;
	objects = {

/* Begin PBXBuildFile section */
		5411BD3220F19EB7006FEF44 /* ObjcClassInStaticModule.m in Sources */ = {isa = PBXBuildFile; fileRef = 5411BD3020F19EB7006FEF44 /* ObjcClassInStaticModule.m */; };
		5411BD3320F19EF3006FEF44 /* libModulesDemoStaticLib.a in Frameworks */ = {isa = PBXBuildFile; fileRef = 5411BD2620F19EA8006FEF44 /* libModulesDemoStaticLib.a */; };
		5411BD3E20F1B66E006FEF44 /* SwiftClassInStaticModule.swift in Sources */ = {isa = PBXBuildFile; fileRef = 5411BD2E20F19EB7006FEF44 /* SwiftClassInStaticModule.swift */; };
		54F3E3D120F15E2600059205 /* AppDelegate.swift in Sources */ = {isa = PBXBuildFile; fileRef = 54F3E3D020F15E2600059205 /* AppDelegate.swift */; };
		54F3E3D320F15E2600059205 /* ViewController.swift in Sources */ = {isa = PBXBuildFile; fileRef = 54F3E3D220F15E2600059205 /* ViewController.swift */; };
		54F3E3D620F15E2600059205 /* Main.storyboard in Resources */ = {isa = PBXBuildFile; fileRef = 54F3E3D420F15E2600059205 /* Main.storyboard */; };
		54F3E3D820F15E2800059205 /* Assets.xcassets in Resources */ = {isa = PBXBuildFile; fileRef = 54F3E3D720F15E2800059205 /* Assets.xcassets */; };
		54F3E3DB20F15E2800059205 /* LaunchScreen.storyboard in Resources */ = {isa = PBXBuildFile; fileRef = 54F3E3D920F15E2800059205 /* LaunchScreen.storyboard */; };
		86BF39BACFCDBECF93BCF838 /* Pods_ModulesDemoStaticLib.framework in Frameworks */ = {isa = PBXBuildFile; fileRef = 09E4D02E18AA77E499043157 /* Pods_ModulesDemoStaticLib.framework */; };
/* End PBXBuildFile section */

/* Begin PBXContainerItemProxy section */
		5411BD3920F1A957006FEF44 /* PBXContainerItemProxy */ = {
			isa = PBXContainerItemProxy;
			containerPortal = 54F3E3C520F15E2600059205 /* Project object */;
			proxyType = 1;
			remoteGlobalIDString = 5411BD2520F19EA8006FEF44;
			remoteInfo = ModulesDemoStaticLib;
		};
/* End PBXContainerItemProxy section */

/* Begin PBXCopyFilesBuildPhase section */
		5411BD2420F19EA8006FEF44 /* CopyFiles */ = {
			isa = PBXCopyFilesBuildPhase;
			buildActionMask = 2147483647;
			dstPath = "include/$(PRODUCT_NAME)";
			dstSubfolderSpec = 16;
			files = (
			);
			runOnlyForDeploymentPostprocessing = 0;
		};
/* End PBXCopyFilesBuildPhase section */

/* Begin PBXFileReference section */
		09E4D02E18AA77E499043157 /* Pods_ModulesDemoStaticLib.framework */ = {isa = PBXFileReference; explicitFileType = wrapper.framework; includeInIndex = 0; path = Pods_ModulesDemoStaticLib.framework; sourceTree = BUILT_PRODUCTS_DIR; };
		29488FAE11984834CC61F8DE /* Pods-ModulesDemoStaticLib.release.xcconfig */ = {isa = PBXFileReference; includeInIndex = 1; lastKnownFileType = text.xcconfig; name = "Pods-ModulesDemoStaticLib.release.xcconfig"; path = "../Pods/Target Support Files/Pods-ModulesDemoStaticLib/Pods-ModulesDemoStaticLib.release.xcconfig"; sourceTree = "<group>"; };
		5411BD2620F19EA8006FEF44 /* libModulesDemoStaticLib.a */ = {isa = PBXFileReference; explicitFileType = archive.ar; includeInIndex = 0; path = libModulesDemoStaticLib.a; sourceTree = BUILT_PRODUCTS_DIR; };
		5411BD2E20F19EB7006FEF44 /* SwiftClassInStaticModule.swift */ = {isa = PBXFileReference; lastKnownFileType = sourcecode.swift; path = SwiftClassInStaticModule.swift; sourceTree = "<group>"; };
		5411BD2F20F19EB7006FEF44 /* ObjcClassInStaticModule.h */ = {isa = PBXFileReference; lastKnownFileType = sourcecode.c.h; path = ObjcClassInStaticModule.h; sourceTree = "<group>"; };
		5411BD3020F19EB7006FEF44 /* ObjcClassInStaticModule.m */ = {isa = PBXFileReference; lastKnownFileType = sourcecode.c.objc; path = ObjcClassInStaticModule.m; sourceTree = "<group>"; };
		5411BD3820F1A6A7006FEF44 /* PrivateModule.h */ = {isa = PBXFileReference; lastKnownFileType = sourcecode.c.h; path = PrivateModule.h; sourceTree = "<group>"; };
		5411BD4320F21A0A006FEF44 /* module.modulemap */ = {isa = PBXFileReference; lastKnownFileType = "sourcecode.module-map"; path = module.modulemap; sourceTree = "<group>"; };
		54F3E3CD20F15E2600059205 /* ModulesDemo.app */ = {isa = PBXFileReference; explicitFileType = wrapper.application; includeInIndex = 0; path = ModulesDemo.app; sourceTree = BUILT_PRODUCTS_DIR; };
		54F3E3D020F15E2600059205 /* AppDelegate.swift */ = {isa = PBXFileReference; lastKnownFileType = sourcecode.swift; path = AppDelegate.swift; sourceTree = "<group>"; };
		54F3E3D220F15E2600059205 /* ViewController.swift */ = {isa = PBXFileReference; lastKnownFileType = sourcecode.swift; path = ViewController.swift; sourceTree = "<group>"; };
		54F3E3D520F15E2600059205 /* Base */ = {isa = PBXFileReference; lastKnownFileType = file.storyboard; name = Base; path = Base.lproj/Main.storyboard; sourceTree = "<group>"; };
		54F3E3D720F15E2800059205 /* Assets.xcassets */ = {isa = PBXFileReference; lastKnownFileType = folder.assetcatalog; path = Assets.xcassets; sourceTree = "<group>"; };
		54F3E3DA20F15E2800059205 /* Base */ = {isa = PBXFileReference; lastKnownFileType = file.storyboard; name = Base; path = Base.lproj/LaunchScreen.storyboard; sourceTree = "<group>"; };
		54F3E3DC20F15E2800059205 /* Info.plist */ = {isa = PBXFileReference; lastKnownFileType = text.plist.xml; path = Info.plist; sourceTree = "<group>"; };
		54F3E3F620F1611700059205 /* libModulesDemoStaticLib.a */ = {isa = PBXFileReference; explicitFileType = archive.ar; path = libModulesDemoStaticLib.a; sourceTree = BUILT_PRODUCTS_DIR; };
		5CD89ED500CE82D97BCE195C /* Pods-ModulesDemoStaticLib.debug.xcconfig */ = {isa = PBXFileReference; includeInIndex = 1; lastKnownFileType = text.xcconfig; name = "Pods-ModulesDemoStaticLib.debug.xcconfig"; path = "../Pods/Target Support Files/Pods-ModulesDemoStaticLib/Pods-ModulesDemoStaticLib.debug.xcconfig"; sourceTree = "<group>"; };
/* End PBXFileReference section */

/* Begin PBXFrameworksBuildPhase section */
		5411BD2320F19EA8006FEF44 /* Frameworks */ = {
			isa = PBXFrameworksBuildPhase;
			buildActionMask = 2147483647;
			files = (
				86BF39BACFCDBECF93BCF838 /* Pods_ModulesDemoStaticLib.framework in Frameworks */,
			);
			runOnlyForDeploymentPostprocessing = 0;
		};
		54F3E3CA20F15E2600059205 /* Frameworks */ = {
			isa = PBXFrameworksBuildPhase;
			buildActionMask = 2147483647;
			files = (
				5411BD3320F19EF3006FEF44 /* libModulesDemoStaticLib.a in Frameworks */,
			);
			runOnlyForDeploymentPostprocessing = 0;
		};
/* End PBXFrameworksBuildPhase section */

/* Begin PBXGroup section */
		5411BD2720F19EA8006FEF44 /* ModulesDemoStaticLib */ = {
			isa = PBXGroup;
			children = (
				5411BD4220F219E7006FEF44 /* PrivateModule */,
				5411BD2E20F19EB7006FEF44 /* SwiftClassInStaticModule.swift */,
				5411BD2F20F19EB7006FEF44 /* ObjcClassInStaticModule.h */,
				5411BD3020F19EB7006FEF44 /* ObjcClassInStaticModule.m */,
			);
			path = ModulesDemoStaticLib;
			sourceTree = "<group>";
		};
		5411BD4220F219E7006FEF44 /* PrivateModule */ = {
			isa = PBXGroup;
			children = (
				5411BD3820F1A6A7006FEF44 /* PrivateModule.h */,
				5411BD4320F21A0A006FEF44 /* module.modulemap */,
			);
			path = PrivateModule;
			sourceTree = "<group>";
		};
		54F3E3C420F15E2600059205 = {
			isa = PBXGroup;
			children = (
				54F3E3CF20F15E2600059205 /* ModulesDemo */,
				5411BD2720F19EA8006FEF44 /* ModulesDemoStaticLib */,
				54F3E3CE20F15E2600059205 /* Products */,
				54F3E3F520F1611700059205 /* Frameworks */,
				5A93315E15D23D53D85B65F6 /* Pods */,
			);
			sourceTree = "<group>";
		};
		54F3E3CE20F15E2600059205 /* Products */ = {
			isa = PBXGroup;
			children = (
				54F3E3CD20F15E2600059205 /* ModulesDemo.app */,
				5411BD2620F19EA8006FEF44 /* libModulesDemoStaticLib.a */,
			);
			name = Products;
			sourceTree = "<group>";
		};
		54F3E3CF20F15E2600059205 /* ModulesDemo */ = {
			isa = PBXGroup;
			children = (
				54F3E3D020F15E2600059205 /* AppDelegate.swift */,
				54F3E3D220F15E2600059205 /* ViewController.swift */,
				54F3E3D420F15E2600059205 /* Main.storyboard */,
				54F3E3D720F15E2800059205 /* Assets.xcassets */,
				54F3E3D920F15E2800059205 /* LaunchScreen.storyboard */,
				54F3E3DC20F15E2800059205 /* Info.plist */,
			);
			path = ModulesDemo;
			sourceTree = "<group>";
		};
		54F3E3F520F1611700059205 /* Frameworks */ = {
			isa = PBXGroup;
			children = (
				54F3E3F620F1611700059205 /* libModulesDemoStaticLib.a */,
				09E4D02E18AA77E499043157 /* Pods_ModulesDemoStaticLib.framework */,
			);
			name = Frameworks;
			sourceTree = "<group>";
		};
		5A93315E15D23D53D85B65F6 /* Pods */ = {
			isa = PBXGroup;
			children = (
				5CD89ED500CE82D97BCE195C /* Pods-ModulesDemoStaticLib.debug.xcconfig */,
				29488FAE11984834CC61F8DE /* Pods-ModulesDemoStaticLib.release.xcconfig */,
			);
			name = Pods;
			sourceTree = "<group>";
		};
/* End PBXGroup section */

/* Begin PBXNativeTarget section */
		5411BD2520F19EA8006FEF44 /* ModulesDemoStaticLib */ = {
			isa = PBXNativeTarget;
			buildConfigurationList = 5411BD2C20F19EA8006FEF44 /* Build configuration list for PBXNativeTarget "ModulesDemoStaticLib" */;
			buildPhases = (
				34859B0F03FA833A8A4A7004 /* [CP] Check Pods Manifest.lock */,
				5411BD2220F19EA8006FEF44 /* Sources */,
				5411BD2320F19EA8006FEF44 /* Frameworks */,
				5411BD2420F19EA8006FEF44 /* CopyFiles */,
				14D39E3506C3B722A681D75B /* [CP] Copy Pods Resources */,
			);
			buildRules = (
			);
			dependencies = (
			);
			name = ModulesDemoStaticLib;
			productName = ModulesDemoStaticLib;
			productReference = 5411BD2620F19EA8006FEF44 /* libModulesDemoStaticLib.a */;
			productType = "com.apple.product-type.library.static";
		};
		54F3E3CC20F15E2600059205 /* ModulesDemo */ = {
			isa = PBXNativeTarget;
			buildConfigurationList = 54F3E3DF20F15E2800059205 /* Build configuration list for PBXNativeTarget "ModulesDemo" */;
			buildPhases = (
				54F3E3C920F15E2600059205 /* Sources */,
				54F3E3CA20F15E2600059205 /* Frameworks */,
				54F3E3CB20F15E2600059205 /* Resources */,
			);
			buildRules = (
			);
			dependencies = (
				5411BD3A20F1A957006FEF44 /* PBXTargetDependency */,
			);
			name = ModulesDemo;
			productName = ModulesDemo;
			productReference = 54F3E3CD20F15E2600059205 /* ModulesDemo.app */;
			productType = "com.apple.product-type.application";
		};
/* End PBXNativeTarget section */

/* Begin PBXProject section */
		54F3E3C520F15E2600059205 /* Project object */ = {
			isa = PBXProject;
			attributes = {
				LastSwiftUpdateCheck = 0940;
				LastUpgradeCheck = 0940;
				ORGANIZATIONNAME = "Gregor Dschung";
				TargetAttributes = {
					5411BD2520F19EA8006FEF44 = {
						CreatedOnToolsVersion = 9.4.1;
					};
					54F3E3CC20F15E2600059205 = {
						CreatedOnToolsVersion = 9.4.1;
					};
				};
			};
			buildConfigurationList = 54F3E3C820F15E2600059205 /* Build configuration list for PBXProject "ModulesDemo" */;
			compatibilityVersion = "Xcode 9.3";
			developmentRegion = en;
			hasScannedForEncodings = 0;
			knownRegions = (
				en,
				Base,
			);
			mainGroup = 54F3E3C420F15E2600059205;
			productRefGroup = 54F3E3CE20F15E2600059205 /* Products */;
			projectDirPath = "";
			projectRoot = "";
			targets = (
				54F3E3CC20F15E2600059205 /* ModulesDemo */,
				5411BD2520F19EA8006FEF44 /* ModulesDemoStaticLib */,
			);
		};
/* End PBXProject section */

/* Begin PBXResourcesBuildPhase section */
		54F3E3CB20F15E2600059205 /* Resources */ = {
			isa = PBXResourcesBuildPhase;
			buildActionMask = 2147483647;
			files = (
				54F3E3DB20F15E2800059205 /* LaunchScreen.storyboard in Resources */,
				54F3E3D820F15E2800059205 /* Assets.xcassets in Resources */,
				54F3E3D620F15E2600059205 /* Main.storyboard in Resources */,
			);
			runOnlyForDeploymentPostprocessing = 0;
		};
/* End PBXResourcesBuildPhase section */

/* Begin PBXShellScriptBuildPhase section */
		14D39E3506C3B722A681D75B /* [CP] Copy Pods Resources */ = {
			isa = PBXShellScriptBuildPhase;
			buildActionMask = 2147483647;
			files = (
			);
			inputPaths = (
			);
			name = "[CP] Copy Pods Resources";
			outputPaths = (
			);
			runOnlyForDeploymentPostprocessing = 0;
			shellPath = /bin/sh;
			shellScript = "\"${SRCROOT}/../Pods/Target Support Files/Pods-ModulesDemoStaticLib/Pods-ModulesDemoStaticLib-resources.sh\"\n";
			showEnvVarsInLog = 0;
		};
		34859B0F03FA833A8A4A7004 /* [CP] Check Pods Manifest.lock */ = {
			isa = PBXShellScriptBuildPhase;
			buildActionMask = 2147483647;
			files = (
			);
			inputPaths = (
				"${PODS_PODFILE_DIR_PATH}/Podfile.lock",
				"${PODS_ROOT}/Manifest.lock",
			);
			name = "[CP] Check Pods Manifest.lock";
			outputPaths = (
				"$(DERIVED_FILE_DIR)/Pods-ModulesDemoStaticLib-checkManifestLockResult.txt",
			);
			runOnlyForDeploymentPostprocessing = 0;
			shellPath = /bin/sh;
			shellScript = "diff \"${PODS_PODFILE_DIR_PATH}/Podfile.lock\" \"${PODS_ROOT}/Manifest.lock\" > /dev/null\nif [ $? != 0 ] ; then\n    # print error to STDERR\n    echo \"error: The sandbox is not in sync with the Podfile.lock. Run 'pod install' or update your CocoaPods installation.\" >&2\n    exit 1\nfi\n# This output is used by Xcode 'outputs' to avoid re-running this script phase.\necho \"SUCCESS\" > \"${SCRIPT_OUTPUT_FILE_0}\"\n";
			showEnvVarsInLog = 0;
		};
/* End PBXShellScriptBuildPhase section */

/* Begin PBXSourcesBuildPhase section */
		5411BD2220F19EA8006FEF44 /* Sources */ = {
			isa = PBXSourcesBuildPhase;
			buildActionMask = 2147483647;
			files = (
				5411BD3220F19EB7006FEF44 /* ObjcClassInStaticModule.m in Sources */,
				5411BD3E20F1B66E006FEF44 /* SwiftClassInStaticModule.swift in Sources */,
			);
			runOnlyForDeploymentPostprocessing = 0;
		};
		54F3E3C920F15E2600059205 /* Sources */ = {
			isa = PBXSourcesBuildPhase;
			buildActionMask = 2147483647;
			files = (
				54F3E3D320F15E2600059205 /* ViewController.swift in Sources */,
				54F3E3D120F15E2600059205 /* AppDelegate.swift in Sources */,
			);
			runOnlyForDeploymentPostprocessing = 0;
		};
/* End PBXSourcesBuildPhase section */

/* Begin PBXTargetDependency section */
		5411BD3A20F1A957006FEF44 /* PBXTargetDependency */ = {
			isa = PBXTargetDependency;
			target = 5411BD2520F19EA8006FEF44 /* ModulesDemoStaticLib */;
			targetProxy = 5411BD3920F1A957006FEF44 /* PBXContainerItemProxy */;
		};
/* End PBXTargetDependency section */

/* Begin PBXVariantGroup section */
		54F3E3D420F15E2600059205 /* Main.storyboard */ = {
			isa = PBXVariantGroup;
			children = (
				54F3E3D520F15E2600059205 /* Base */,
			);
			name = Main.storyboard;
			sourceTree = "<group>";
		};
		54F3E3D920F15E2800059205 /* LaunchScreen.storyboard */ = {
			isa = PBXVariantGroup;
			children = (
				54F3E3DA20F15E2800059205 /* Base */,
			);
			name = LaunchScreen.storyboard;
			sourceTree = "<group>";
		};
/* End PBXVariantGroup section */

/* Begin XCBuildConfiguration section */
		5411BD2A20F19EA8006FEF44 /* Debug */ = {
			isa = XCBuildConfiguration;
			baseConfigurationReference = 5CD89ED500CE82D97BCE195C /* Pods-ModulesDemoStaticLib.debug.xcconfig */;
			buildSettings = {
				CLANG_ENABLE_MODULES = YES;
				CODE_SIGN_STYLE = Automatic;
				DEFINES_MODULE = YES;
				DEVELOPMENT_TEAM = 4JZ2LG2YLH;
				PRODUCT_NAME = "$(TARGET_NAME)";
				SKIP_INSTALL = YES;
				SWIFT_INCLUDE_PATHS = "$(SRCROOT)/ModulesDemoStaticLib/PrivateModule";
				SWIFT_VERSION = 4.0;
				TARGETED_DEVICE_FAMILY = "1,2";
			};
			name = Debug;
		};
		5411BD2B20F19EA8006FEF44 /* Release */ = {
			isa = XCBuildConfiguration;
			baseConfigurationReference = 29488FAE11984834CC61F8DE /* Pods-ModulesDemoStaticLib.release.xcconfig */;
			buildSettings = {
				CLANG_ENABLE_MODULES = YES;
				CODE_SIGN_STYLE = Automatic;
				DEFINES_MODULE = YES;
				DEVELOPMENT_TEAM = 4JZ2LG2YLH;
				PRODUCT_NAME = "$(TARGET_NAME)";
				SKIP_INSTALL = YES;
				SWIFT_INCLUDE_PATHS = "$(SRCROOT)/ModulesDemoStaticLib/PrivateModule";
				SWIFT_VERSION = 4.0;
				TARGETED_DEVICE_FAMILY = "1,2";
			};
			name = Release;
		};
		54F3E3DD20F15E2800059205 /* Debug */ = {
			isa = XCBuildConfiguration;
			buildSettings = {
				ALWAYS_SEARCH_USER_PATHS = NO;
				CLANG_ANALYZER_NONNULL = YES;
				CLANG_ANALYZER_NUMBER_OBJECT_CONVERSION = YES_AGGRESSIVE;
				CLANG_CXX_LANGUAGE_STANDARD = "gnu++14";
				CLANG_CXX_LIBRARY = "libc++";
				CLANG_ENABLE_MODULES = YES;
				CLANG_ENABLE_OBJC_ARC = YES;
				CLANG_ENABLE_OBJC_WEAK = YES;
				CLANG_WARN_BLOCK_CAPTURE_AUTORELEASING = YES;
				CLANG_WARN_BOOL_CONVERSION = YES;
				CLANG_WARN_COMMA = YES;
				CLANG_WARN_CONSTANT_CONVERSION = YES;
				CLANG_WARN_DEPRECATED_OBJC_IMPLEMENTATIONS = YES;
				CLANG_WARN_DIRECT_OBJC_ISA_USAGE = YES_ERROR;
				CLANG_WARN_DOCUMENTATION_COMMENTS = YES;
				CLANG_WARN_EMPTY_BODY = YES;
				CLANG_WARN_ENUM_CONVERSION = YES;
				CLANG_WARN_INFINITE_RECURSION = YES;
				CLANG_WARN_INT_CONVERSION = YES;
				CLANG_WARN_NON_LITERAL_NULL_CONVERSION = YES;
				CLANG_WARN_OBJC_IMPLICIT_RETAIN_SELF = YES;
				CLANG_WARN_OBJC_LITERAL_CONVERSION = YES;
				CLANG_WARN_OBJC_ROOT_CLASS = YES_ERROR;
				CLANG_WARN_RANGE_LOOP_ANALYSIS = YES;
				CLANG_WARN_STRICT_PROTOTYPES = YES;
				CLANG_WARN_SUSPICIOUS_MOVE = YES;
				CLANG_WARN_UNGUARDED_AVAILABILITY = YES_AGGRESSIVE;
				CLANG_WARN_UNREACHABLE_CODE = YES;
				CLANG_WARN__DUPLICATE_METHOD_MATCH = YES;
				CODE_SIGN_IDENTITY = "iPhone Developer";
				COPY_PHASE_STRIP = NO;
				DEBUG_INFORMATION_FORMAT = dwarf;
				ENABLE_STRICT_OBJC_MSGSEND = YES;
				ENABLE_TESTABILITY = YES;
				GCC_C_LANGUAGE_STANDARD = gnu11;
				GCC_DYNAMIC_NO_PIC = NO;
				GCC_NO_COMMON_BLOCKS = YES;
				GCC_OPTIMIZATION_LEVEL = 0;
				GCC_PREPROCESSOR_DEFINITIONS = (
					"DEBUG=1",
					"$(inherited)",
				);
				GCC_WARN_64_TO_32_BIT_CONVERSION = YES;
				GCC_WARN_ABOUT_RETURN_TYPE = YES_ERROR;
				GCC_WARN_UNDECLARED_SELECTOR = YES;
				GCC_WARN_UNINITIALIZED_AUTOS = YES_AGGRESSIVE;
				GCC_WARN_UNUSED_FUNCTION = YES;
				GCC_WARN_UNUSED_VARIABLE = YES;
				IPHONEOS_DEPLOYMENT_TARGET = 11.4;
				MTL_ENABLE_DEBUG_INFO = YES;
				ONLY_ACTIVE_ARCH = YES;
				SDKROOT = iphoneos;
				SWIFT_ACTIVE_COMPILATION_CONDITIONS = DEBUG;
				SWIFT_OPTIMIZATION_LEVEL = "-Onone";
			};
			name = Debug;
		};
		54F3E3DE20F15E2800059205 /* Release */ = {
			isa = XCBuildConfiguration;
			buildSettings = {
				ALWAYS_SEARCH_USER_PATHS = NO;
				CLANG_ANALYZER_NONNULL = YES;
				CLANG_ANALYZER_NUMBER_OBJECT_CONVERSION = YES_AGGRESSIVE;
				CLANG_CXX_LANGUAGE_STANDARD = "gnu++14";
				CLANG_CXX_LIBRARY = "libc++";
				CLANG_ENABLE_MODULES = YES;
				CLANG_ENABLE_OBJC_ARC = YES;
				CLANG_ENABLE_OBJC_WEAK = YES;
				CLANG_WARN_BLOCK_CAPTURE_AUTORELEASING = YES;
				CLANG_WARN_BOOL_CONVERSION = YES;
				CLANG_WARN_COMMA = YES;
				CLANG_WARN_CONSTANT_CONVERSION = YES;
				CLANG_WARN_DEPRECATED_OBJC_IMPLEMENTATIONS = YES;
				CLANG_WARN_DIRECT_OBJC_ISA_USAGE = YES_ERROR;
				CLANG_WARN_DOCUMENTATION_COMMENTS = YES;
				CLANG_WARN_EMPTY_BODY = YES;
				CLANG_WARN_ENUM_CONVERSION = YES;
				CLANG_WARN_INFINITE_RECURSION = YES;
				CLANG_WARN_INT_CONVERSION = YES;
				CLANG_WARN_NON_LITERAL_NULL_CONVERSION = YES;
				CLANG_WARN_OBJC_IMPLICIT_RETAIN_SELF = YES;
				CLANG_WARN_OBJC_LITERAL_CONVERSION = YES;
				CLANG_WARN_OBJC_ROOT_CLASS = YES_ERROR;
				CLANG_WARN_RANGE_LOOP_ANALYSIS = YES;
				CLANG_WARN_STRICT_PROTOTYPES = YES;
				CLANG_WARN_SUSPICIOUS_MOVE = YES;
				CLANG_WARN_UNGUARDED_AVAILABILITY = YES_AGGRESSIVE;
				CLANG_WARN_UNREACHABLE_CODE = YES;
				CLANG_WARN__DUPLICATE_METHOD_MATCH = YES;
				CODE_SIGN_IDENTITY = "iPhone Developer";
				COPY_PHASE_STRIP = NO;
				DEBUG_INFORMATION_FORMAT = "dwarf-with-dsym";
				ENABLE_NS_ASSERTIONS = NO;
				ENABLE_STRICT_OBJC_MSGSEND = YES;
				GCC_C_LANGUAGE_STANDARD = gnu11;
				GCC_NO_COMMON_BLOCKS = YES;
				GCC_WARN_64_TO_32_BIT_CONVERSION = YES;
				GCC_WARN_ABOUT_RETURN_TYPE = YES_ERROR;
				GCC_WARN_UNDECLARED_SELECTOR = YES;
				GCC_WARN_UNINITIALIZED_AUTOS = YES_AGGRESSIVE;
				GCC_WARN_UNUSED_FUNCTION = YES;
				GCC_WARN_UNUSED_VARIABLE = YES;
				IPHONEOS_DEPLOYMENT_TARGET = 11.4;
				MTL_ENABLE_DEBUG_INFO = NO;
				SDKROOT = iphoneos;
				SWIFT_COMPILATION_MODE = wholemodule;
				SWIFT_OPTIMIZATION_LEVEL = "-O";
				VALIDATE_PRODUCT = YES;
			};
			name = Release;
		};
		54F3E3E020F15E2800059205 /* Debug */ = {
			isa = XCBuildConfiguration;
			buildSettings = {
				ASSETCATALOG_COMPILER_APPICON_NAME = AppIcon;
				CODE_SIGN_STYLE = Automatic;
				DEVELOPMENT_TEAM = 4JZ2LG2YLH;
				INFOPLIST_FILE = ModulesDemo/Info.plist;
				LD_RUNPATH_SEARCH_PATHS = (
					"$(inherited)",
					"@executable_path/Frameworks",
				);
				PRODUCT_BUNDLE_IDENTIFIER = de.chkpnt.ModulesDemo;
				PRODUCT_NAME = "$(TARGET_NAME)";
				SWIFT_VERSION = 4.0;
				TARGETED_DEVICE_FAMILY = "1,2";
			};
			name = Debug;
		};
		54F3E3E120F15E2800059205 /* Release */ = {
			isa = XCBuildConfiguration;
			buildSettings = {
				ASSETCATALOG_COMPILER_APPICON_NAME = AppIcon;
				CODE_SIGN_STYLE = Automatic;
				DEVELOPMENT_TEAM = 4JZ2LG2YLH;
				INFOPLIST_FILE = ModulesDemo/Info.plist;
				LD_RUNPATH_SEARCH_PATHS = (
					"$(inherited)",
					"@executable_path/Frameworks",
				);
				PRODUCT_BUNDLE_IDENTIFIER = de.chkpnt.ModulesDemo;
				PRODUCT_NAME = "$(TARGET_NAME)";
				SWIFT_VERSION = 4.0;
				TARGETED_DEVICE_FAMILY = "1,2";
			};
			name = Release;
		};
/* End XCBuildConfiguration section */

/* Begin XCConfigurationList section */
		5411BD2C20F19EA8006FEF44 /* Build configuration list for PBXNativeTarget "ModulesDemoStaticLib" */ = {
			isa = XCConfigurationList;
			buildConfigurations = (
				5411BD2A20F19EA8006FEF44 /* Debug */,
				5411BD2B20F19EA8006FEF44 /* Release */,
			);
			defaultConfigurationIsVisible = 0;
			defaultConfigurationName = Release;
		};
		54F3E3C820F15E2600059205 /* Build configuration list for PBXProject "ModulesDemo" */ = {
			isa = XCConfigurationList;
			buildConfigurations = (
				54F3E3DD20F15E2800059205 /* Debug */,
				54F3E3DE20F15E2800059205 /* Release */,
			);
			defaultConfigurationIsVisible = 0;
			defaultConfigurationName = Release;
		};
		54F3E3DF20F15E2800059205 /* Build configuration list for PBXNativeTarget "ModulesDemo" */ = {
			isa = XCConfigurationList;
			buildConfigurations = (
				54F3E3E020F15E2800059205 /* Debug */,
				54F3E3E120F15E2800059205 /* Release */,
			);
			defaultConfigurationIsVisible = 0;
			defaultConfigurationName = Release;
		};
/* End XCConfigurationList section */
	};
	rootObject = 54F3E3C520F15E2600059205 /* Project object */;
}
